{
    "_readme": [
        "This file locks the dependencies of your project to a known state",
        "Read more about it at https://getcomposer.org/doc/01-basic-usage.md#installing-dependencies",
        "This file is @generated automatically"
    ],
    "content-hash": "fb1609ecc79930e83e3f4437c2031d4b",
    "packages": [
        {
            "name": "titpetric/minitpl",
            "version": "v1.3.1",
            "source": {
                "type": "git",
                "url": "https://github.com/titpetric/minitpl.git",
                "reference": "bb5360ee5b67bf15681a75de23cf9008fb61397c"
            },
            "dist": {
                "type": "zip",
                "url": "https://api.github.com/repos/titpetric/minitpl/zipball/bb5360ee5b67bf15681a75de23cf9008fb61397c",
                "reference": "bb5360ee5b67bf15681a75de23cf9008fb61397c",
                "shasum": ""
            },
            "require": {
                "php": ">=5.6.0"
            },
            "type": "library",
            "autoload": {
                "psr-4": {
                    "MiniTPL\\": "code/MiniTPL/"
                }
            },
            "archive": {
                "exclude": [
                    "/tests",
                    "/docs",
                    "/vendor",
                    "/phpunit.xml"
                ]
            },
            "license": [
                "CC-BY-SA-3.0"
            ],
            "authors": [
                {
                    "name": "Tit Petric",
                    "email": "tit.petric@gmail.com",
                    "homepage": "http://titpetric.github.io",
                    "role": "developer"
                }
            ],
            "description": "Miniature fully featured PHP template engine",
            "homepage": "https://github.com/titpetric/minitpl",
            "keywords": [
                "minitpl",
                "php",
                "small",
                "smarty",
                "template",
                "tiny"
            ],
            "support": {
                "source": "https://github.com/titpetric/minitpl/tree/v1.3.1",
                "issues": "https://github.com/titpetric/minitpl/issues"
            },
            "time": "2026-09-03T10:28:17+00:00"
        }
    ],
    "packages-dev": [],
    "aliases": [],
    "minimum-stability": "stable",
    "stability-flags": {},
    "prefer-stable": false,
    "prefer-lowest": false,
    "platform": {},
    "platform-dev": {},
    "plugin-api-version": "2.9.0"
}
